
Microsoft Visual Studio Solution File, Format Version 12.00
# Visual Studio Version 16
VisualStudioVersion = 25.0.1706.7
MinimumVisualStudioVersion = 10.0.40219.1
Project("{FAE04EC0-301F-11D3-BF4B-00C04F79EFBC}") = "AplikasiPDAMTanjungUban", "AplikasiPDAMTanjungUban\AplikasiPDAMTanjungUban.csproj", "{594D794C-7E35-4AB3-86EE-9EE1337B2F57}"
EndProject
Global
	GlobalSection(SolutionConfigurationPlatforms) = preSolution
		Debug|Any CPU = Debug|Any CPU
		Release|Any CPU = Release|Any CPU
	EndGlobalSection
	GlobalSection(ProjectConfigurationPlatforms) = postSolution
		{594D794C-7E35-4AB3-86EE-9EE1337B2F57}.Debug|Any CPU.ActiveCfg = Debug|Any CPU
		{594D794C-7E35-4AB3-86EE-9EE1337B2F57}.Debug|Any CPU.Build.0 = Debug|Any CPU
		{594D794C-7E35-4AB3-86EE-9EE1337B2F57}.Release|Any CPU.ActiveCfg = Release|Any CPU
		{594D794C-7E35-4AB3-86EE-9EE1337B2F57}.Release|Any CPU.Build.0 = Release|Any CPU
	EndGlobalSection
	GlobalSection(SolutionProperties) = preSolution
		HideSolutionNode = FALSE
	EndGlobalSection
	GlobalSection(ExtensibilityGlobals) = postSolution
		SolutionGuid = {E989F7AE-B09D-4037-A727-97B4BD390C31}
	EndGlobalSection
EndGlobal
